
Microsoft Visual Studio Solution File, Format Version 12.00
# Visual Studio Version 16
VisualStudioVersion = 16.0.31402.337
MinimumVisualStudioVersion = 10.0.40219.1
Project("{9A19103F-16F7-4668-BE54-9A1E7A4F7556}") = "CursoMVC", "CursoMVC\CursoMVC.csproj", "{3895F38A-08B7-46FF-9E40-0249A72B8416}"
EndProject
Project("{FAE04EC0-301F-11D3-BF4B-00C04F79EFBC}") = "CursoAPI", "CursoAPI\CursoAPI.csproj", "{0F267B7E-4E1A-4F55-B5B6-A0C9F4E3A44D}"
EndProject
Project("{FAE04EC0-301F-11D3-BF4B-00C04F79EFBC}") = "CursoTeste", "CursoTeste\CursoTeste.csproj", "{F816EA50-6F60-4479-B18E-A3BBBF9D0E9C}"
EndProject
Global
	GlobalSection(SolutionConfigurationPlatforms) = preSolution
		Debug|Any CPU = Debug|Any CPU
		Release|Any CPU = Release|Any CPU
	EndGlobalSection
	GlobalSection(ProjectConfigurationPlatforms) = postSolution
		{3895F38A-08B7-46FF-9E40-0249A72B8416}.Debug|Any CPU.ActiveCfg = Debug|Any CPU
		{3895F38A-08B7-46FF-9E40-0249A72B8416}.Debug|Any CPU.Build.0 = Debug|Any CPU
		{3895F38A-08B7-46FF-9E40-0249A72B8416}.Release|Any CPU.ActiveCfg = Release|Any CPU
		{3895F38A-08B7-46FF-9E40-0249A72B8416}.Release|Any CPU.Build.0 = Release|Any CPU
		{0F267B7E-4E1A-4F55-B5B6-A0C9F4E3A44D}.Debug|Any CPU.ActiveCfg = Debug|Any CPU
		{0F267B7E-4E1A-4F55-B5B6-A0C9F4E3A44D}.Debug|Any CPU.Build.0 = Debug|Any CPU
		{0F267B7E-4E1A-4F55-B5B6-A0C9F4E3A44D}.Release|Any CPU.ActiveCfg = Release|Any CPU
		{0F267B7E-4E1A-4F55-B5B6-A0C9F4E3A44D}.Release|Any CPU.Build.0 = Release|Any CPU
		{F816EA50-6F60-4479-B18E-A3BBBF9D0E9C}.Debug|Any CPU.ActiveCfg = Debug|Any CPU
		{F816EA50-6F60-4479-B18E-A3BBBF9D0E9C}.Debug|Any CPU.Build.0 = Debug|Any CPU
		{F816EA50-6F60-4479-B18E-A3BBBF9D0E9C}.Release|Any CPU.ActiveCfg = Release|Any CPU
		{F816EA50-6F60-4479-B18E-A3BBBF9D0E9C}.Release|Any CPU.Build.0 = Release|Any CPU
	EndGlobalSection
	GlobalSection(SolutionProperties) = preSolution
		HideSolutionNode = FALSE
	EndGlobalSection
	GlobalSection(ExtensibilityGlobals) = postSolution
		SolutionGuid = {6703EA6C-16F5-4D71-9B40-83B191B0A366}
	EndGlobalSection
EndGlobal
